
Microsoft Visual Studio Solution File, Format Version 12.00
# Visual Studio 15
Project("{FAE04EC0-301F-11D3-BF4B-00C04F79EFBC}") = "Unity.Timeline", "Unity.Timeline.csproj", "{75B0651C-8006-18FB-FA0D-88C32F1A0B87}"
EndProject
Project("{FAE04EC0-301F-11D3-BF4B-00C04F79EFBC}") = "Assembly-CSharp", "Assembly-CSharp.csproj", "{9FC68D7C-ABF1-8C30-1FF9-9C083030258B}"
EndProject
Project("{FAE04EC0-301F-11D3-BF4B-00C04F79EFBC}") = "Unity.InputSystem", "Unity.InputSystem.csproj", "{75E6602F-DEB1-DF39-B003-A28802E8CED1}"
EndProject
Project("{FAE04EC0-301F-11D3-BF4B-00C04F79EFBC}") = "Unity.ShaderGraph.Editor", "Unity.ShaderGraph.Editor.csproj", "{CCF87927-6BE0-5D18-EE28-84938D115113}"
EndProject
Project("{FAE04EC0-301F-11D3-BF4B-00C04F79EFBC}") = "Unity.VisualScripting.Flow", "Unity.VisualScripting.Flow.csproj", "{93DB935E-3897-449F-C8C1-757E4A424166}"
EndProject
Project("{FAE04EC0-301F-11D3-BF4B-00C04F79EFBC}") = "Unity.RenderPipelines.Universal.Runtime", "Unity.RenderPipelines.Universal.Runtime.csproj", "{C7726173-8545-1C64-1822-266C330D960B}"
EndProject
Project("{FAE04EC0-301F-11D3-BF4B-00C04F79EFBC}") = "Unity.ProBuilder", "Unity.ProBuilder.csproj", "{7A6AD214-6929-3FCA-F081-F729B4815452}"
EndProject
Project("{FAE04EC0-301F-11D3-BF4B-00C04F79EFBC}") = "UnityEditor.UI", "UnityEditor.UI.csproj", "{E6BDFCB9-E4E3-9D60-189D-E1365F344C34}"
EndProject
Project("{FAE04EC0-301F-11D3-BF4B-00C04F79EFBC}") = "Unity.Timeline.Editor", "Unity.Timeline.Editor.csproj", "{5CBD6A25-D143-07B0-59D1-696710822349}"
EndProject
Project("{FAE04EC0-301F-11D3-BF4B-00C04F79EFBC}") = "Unity.PlasticSCM.Editor", "Unity.PlasticSCM.Editor.csproj", "{EB7DBC79-F11E-A7BA-4FFD-FCC8A2E57862}"
EndProject
Project("{FAE04EC0-301F-11D3-BF4B-00C04F79EFBC}") = "Unity.RenderPipelines.Core.Runtime", "Unity.RenderPipelines.Core.Runtime.csproj", "{16733203-B3BB-DC0D-BC0F-7527A7C424D6}"
EndProject
Project("{FAE04EC0-301F-11D3-BF4B-00C04F79EFBC}") = "Unity.Mathematics", "Unity.Mathematics.csproj", "{8359DA23-3B92-86AD-9C47-E2BDA6647539}"
EndProject
Project("{FAE04EC0-301F-11D3-BF4B-00C04F79EFBC}") = "Unity.RenderPipelines.Core.Editor", "Unity.RenderPipelines.Core.Editor.csproj", "{9012A488-F2EE-DC7A-2445-331503F77367}"
EndProject
Project("{FAE04EC0-301F-11D3-BF4B-00C04F79EFBC}") = "Unity.ProBuilder.Editor", "Unity.ProBuilder.Editor.csproj", "{9A71E287-1E0E-3D3C-8D65-EAB262C52480}"
EndProject
Project("{FAE04EC0-301F-11D3-BF4B-00C04F79EFBC}") = "Unity.VisualScripting.Core.Editor", "Unity.VisualScripting.Core.Editor.csproj", "{55B4F9D4-D531-825F-24BB-8AAB3D70CEAE}"
EndProject
Project("{FAE04EC0-301F-11D3-BF4B-00C04F79EFBC}") = "UnityEditor.TestRunner", "UnityEditor.TestRunner.csproj", "{D7FBA040-6726-0806-C56F-93E8DFB2BFDE}"
EndProject
Project("{FAE04EC0-301F-11D3-BF4B-00C04F79EFBC}") = "Unity.ProBuilder.Poly2Tri", "Unity.ProBuilder.Poly2Tri.csproj", "{FD1DF7E4-999F-468C-460D-6E7B76C71F3C}"
EndProject
Project("{FAE04EC0-301F-11D3-BF4B-00C04F79EFBC}") = "Unity.RenderPipelines.Universal.Editor", "Unity.RenderPipelines.Universal.Editor.csproj", "{141135A6-8657-D4D8-EDBC-3CCA21992DC7}"
EndProject
Project("{FAE04EC0-301F-11D3-BF4B-00C04F79EFBC}") = "Unity.TextMeshPro.Editor", "Unity.TextMeshPro.Editor.csproj", "{316B0EC5-C336-3770-84BC-63009CA55E15}"
EndProject
Project("{FAE04EC0-301F-11D3-BF4B-00C04F79EFBC}") = "Unity.VisualScripting.Flow.Editor", "Unity.VisualScripting.Flow.Editor.csproj", "{FF6E35E5-F69C-45EA-6ED4-B74DBC8EFFD8}"
EndProject
Project("{FAE04EC0-301F-11D3-BF4B-00C04F79EFBC}") = "UnityEngine.TestRunner", "UnityEngine.TestRunner.csproj", "{AD35C493-D8D1-5DBB-BC50-56C2803A33AF}"
EndProject
Project("{FAE04EC0-301F-11D3-BF4B-00C04F79EFBC}") = "Unity.VisualScripting.Core", "Unity.VisualScripting.Core.csproj", "{103715D0-8E5D-4F28-A360-722A3DDCA695}"
EndProject
Project("{FAE04EC0-301F-11D3-BF4B-00C04F79EFBC}") = "Unity.Searcher.Editor", "Unity.Searcher.Editor.csproj", "{E36FB469-3F3E-5642-4C43-C746B9100BC3}"
EndProject
Project("{FAE04EC0-301F-11D3-BF4B-00C04F79EFBC}") = "Unity.Burst", "Unity.Burst.csproj", "{427E4213-67D3-3AE7-3720-B1D2A6639218}"
EndProject
Project("{FAE04EC0-301F-11D3-BF4B-00C04F79EFBC}") = "Unity.ProBuilder.Csg", "Unity.ProBuilder.Csg.csproj", "{C7F5CFC9-46D7-3B63-1F7D-F64B69E38308}"
EndProject
Project("{FAE04EC0-301F-11D3-BF4B-00C04F79EFBC}") = "Cinemachine", "Cinemachine.csproj", "{FC880AE1-AE9B-EA92-48F4-7901293870AE}"
EndProject
Project("{FAE04EC0-301F-11D3-BF4B-00C04F79EFBC}") = "Unity.VisualStudio.Editor", "Unity.VisualStudio.Editor.csproj", "{29B337C7-5127-5BCE-1408-8E14E23FCFCD}"
EndProject
Project("{FAE04EC0-301F-11D3-BF4B-00C04F79EFBC}") = "PPv2URPConverters", "PPv2URPConverters.csproj", "{3766AA96-B059-6C1F-861C-B6A37E6E5E5B}"
EndProject
Project("{FAE04EC0-301F-11D3-BF4B-00C04F79EFBC}") = "Unity.Rider.Editor", "Unity.Rider.Editor.csproj", "{385FB678-DF6F-0DDF-A020-DC15C0275F33}"
EndProject
Project("{FAE04EC0-301F-11D3-BF4B-00C04F79EFBC}") = "Unity.VisualScripting.State.Editor", "Unity.VisualScripting.State.Editor.csproj", "{37C92795-49EE-5019-9A95-3E5F519B5E6F}"
EndProject
Project("{FAE04EC0-301F-11D3-BF4B-00C04F79EFBC}") = "com.unity.cinemachine.editor", "com.unity.cinemachine.editor.csproj", "{388719DC-91DA-21AB-9F01-517ACD3877DE}"
EndProject
Project("{FAE04EC0-301F-11D3-BF4B-00C04F79EFBC}") = "UnityEngine.UI", "UnityEngine.UI.csproj", "{D74221CD-34FD-A2BE-9EC2-D8443762AE6E}"
EndProject
Project("{FAE04EC0-301F-11D3-BF4B-00C04F79EFBC}") = "Unity.Burst.CodeGen", "Unity.Burst.CodeGen.csproj", "{96B0AC90-63BB-167F-5248-4E212E557F02}"
EndProject
Project("{FAE04EC0-301F-11D3-BF4B-00C04F79EFBC}") = "Unity.RenderPipeline.Universal.ShaderLibrary", "Unity.RenderPipeline.Universal.ShaderLibrary.csproj", "{44C26D93-E80F-5981-6F2D-2C2808444110}"
EndProject
Project("{FAE04EC0-301F-11D3-BF4B-00C04F79EFBC}") = "Unity.VisualScripting.State", "Unity.VisualScripting.State.csproj", "{5E1D70CD-BE2C-48B2-2F58-98BD3B3BF4AD}"
EndProject
Project("{FAE04EC0-301F-11D3-BF4B-00C04F79EFBC}") = "Unity.TextMeshPro", "Unity.TextMeshPro.csproj", "{0668618E-61D5-860C-89C3-50C0B41E510C}"
EndProject
Project("{FAE04EC0-301F-11D3-BF4B-00C04F79EFBC}") = "Unity.VisualScripting.SettingsProvider.Editor", "Unity.VisualScripting.SettingsProvider.Editor.csproj", "{5B3CC39D-4C13-C90D-2542-D006F08835FD}"
EndProject
Project("{FAE04EC0-301F-11D3-BF4B-00C04F79EFBC}") = "Unity.VSCode.Editor", "Unity.VSCode.Editor.csproj", "{8909EA9A-0E37-3EAA-9027-62DABCB39BB7}"
EndProject
Project("{FAE04EC0-301F-11D3-BF4B-00C04F79EFBC}") = "Unity.Burst.Editor", "Unity.Burst.Editor.csproj", "{8FA0EE25-39C4-C6B8-99B3-1C83348E8E1E}"
EndProject
Project("{FAE04EC0-301F-11D3-BF4B-00C04F79EFBC}") = "Unity.ProBuilder.Stl", "Unity.ProBuilder.Stl.csproj", "{25B93505-D609-D913-32E3-F3B998D58193}"
EndProject
Project("{FAE04EC0-301F-11D3-BF4B-00C04F79EFBC}") = "Unity.Settings.Editor", "Unity.Settings.Editor.csproj", "{480D5DF4-4EC9-6552-1592-3BF241804779}"
EndProject
Project("{FAE04EC0-301F-11D3-BF4B-00C04F79EFBC}") = "Unity.ProBuilder.KdTree", "Unity.ProBuilder.KdTree.csproj", "{5B5A9692-0870-EE64-E9AB-EE80C6A14918}"
EndProject
Project("{FAE04EC0-301F-11D3-BF4B-00C04F79EFBC}") = "Unity.ProBuilder.AddOns.Editor", "Unity.ProBuilder.AddOns.Editor.csproj", "{3AFBB12F-8B70-924C-8C8B-A9A2729B3342}"
EndProject
Project("{FAE04EC0-301F-11D3-BF4B-00C04F79EFBC}") = "Unity.InputSystem.ForUI", "Unity.InputSystem.ForUI.csproj", "{45727BE6-FC70-52F8-BB50-A497A52B30C0}"
EndProject
Project("{FAE04EC0-301F-11D3-BF4B-00C04F79EFBC}") = "Unity.Mathematics.Editor", "Unity.Mathematics.Editor.csproj", "{D53C9DCB-7CC9-982F-B6EF-354E700E25DA}"
EndProject
Project("{FAE04EC0-301F-11D3-BF4B-00C04F79EFBC}") = "Unity.ProBuilder.AssetIdRemapUtility", "Unity.ProBuilder.AssetIdRemapUtility.csproj", "{EEF257E5-DFEF-ED25-CEA6-76665163A192}"
EndProject
Project("{FAE04EC0-301F-11D3-BF4B-00C04F79EFBC}") = "Unity.InputSystem.TestFramework", "Unity.InputSystem.TestFramework.csproj", "{2F83C88B-2938-9604-19C3-48F7564206E9}"
EndProject
Project("{FAE04EC0-301F-11D3-BF4B-00C04F79EFBC}") = "Unity.ShaderGraph.Utilities", "Unity.ShaderGraph.Utilities.csproj", "{5723B960-8DC7-9ABB-DBF7-957C2F268EA1}"
EndProject
Project("{FAE04EC0-301F-11D3-BF4B-00C04F79EFBC}") = "Unity.VisualScripting.Shared.Editor", "Unity.VisualScripting.Shared.Editor.csproj", "{23F1ACE3-1BED-3C10-5372-48BC1E9A1DAE}"
EndProject
Project("{FAE04EC0-301F-11D3-BF4B-00C04F79EFBC}") = "Unity.RenderPipelines.Universal.Config.Runtime", "Unity.RenderPipelines.Universal.Config.Runtime.csproj", "{1B665F7D-9E7E-E9AE-AC73-122CA3F7A220}"
EndProject
Project("{FAE04EC0-301F-11D3-BF4B-00C04F79EFBC}") = "Unity.CollabProxy.Editor", "Unity.CollabProxy.Editor.csproj", "{23C8C361-1D1D-465C-17D1-36A5B359F707}"
EndProject
Project("{FAE04EC0-301F-11D3-BF4B-00C04F79EFBC}") = "Unity.RenderPipelines.ShaderGraph.ShaderGraphLibrary", "Unity.RenderPipelines.ShaderGraph.ShaderGraphLibrary.csproj", "{317DFF1C-5400-BD28-9932-4718F9197E2E}"
EndProject
Project("{FAE04EC0-301F-11D3-BF4B-00C04F79EFBC}") = "Unity.RenderPipelines.Core.ShaderLibrary", "Unity.RenderPipelines.Core.ShaderLibrary.csproj", "{ACCFD38B-4430-382E-56EF-1E5B2E104A1A}"
EndProject
Project("{FAE04EC0-301F-11D3-BF4B-00C04F79EFBC}") = "Unity.RenderPipelines.Universal.Shaders", "Unity.RenderPipelines.Universal.Shaders.csproj", "{6225C19C-ACD6-9CC5-044C-50EB4D1767D9}"
EndProject
Global
	GlobalSection(SolutionConfigurationPlatforms) = preSolution
		Debug|Any CPU = Debug|Any CPU
		Release|Any CPU = Release|Any CPU
	EndGlobalSection
	GlobalSection(ProjectConfigurationPlatforms) = postSolution
		{75B0651C-8006-18FB-FA0D-88C32F1A0B87}.Debug|Any CPU.ActiveCfg = Debug|Any CPU
		{75B0651C-8006-18FB-FA0D-88C32F1A0B87}.Debug|Any CPU.Build.0 = Debug|Any CPU
		{75B0651C-8006-18FB-FA0D-88C32F1A0B87}.Release|Any CPU.ActiveCfg = Release|Any CPU
		{75B0651C-8006-18FB-FA0D-88C32F1A0B87}.Release|Any CPU.Build.0 = Release|Any CPU
		{9FC68D7C-ABF1-8C30-1FF9-9C083030258B}.Debug|Any CPU.ActiveCfg = Debug|Any CPU
		{9FC68D7C-ABF1-8C30-1FF9-9C083030258B}.Debug|Any CPU.Build.0 = Debug|Any CPU
		{9FC68D7C-ABF1-8C30-1FF9-9C083030258B}.Release|Any CPU.ActiveCfg = Release|Any CPU
		{9FC68D7C-ABF1-8C30-1FF9-9C083030258B}.Release|Any CPU.Build.0 = Release|Any CPU
		{75E6602F-DEB1-DF39-B003-A28802E8CED1}.Debug|Any CPU.ActiveCfg = Debug|Any CPU
		{75E6602F-DEB1-DF39-B003-A28802E8CED1}.Debug|Any CPU.Build.0 = Debug|Any CPU
		{75E6602F-DEB1-DF39-B003-A28802E8CED1}.Release|Any CPU.ActiveCfg = Release|Any CPU
		{75E6602F-DEB1-DF39-B003-A28802E8CED1}.Release|Any CPU.Build.0 = Release|Any CPU
		{CCF87927-6BE0-5D18-EE28-84938D115113}.Debug|Any CPU.ActiveCfg = Debug|Any CPU
		{CCF87927-6BE0-5D18-EE28-84938D115113}.Debug|Any CPU.Build.0 = Debug|Any CPU
		{CCF87927-6BE0-5D18-EE28-84938D115113}.Release|Any CPU.ActiveCfg = Release|Any CPU
		{CCF87927-6BE0-5D18-EE28-84938D115113}.Release|Any CPU.Build.0 = Release|Any CPU
		{93DB935E-3897-449F-C8C1-757E4A424166}.Debug|Any CPU.ActiveCfg = Debug|Any CPU
		{93DB935E-3897-449F-C8C1-757E4A424166}.Debug|Any CPU.Build.0 = Debug|Any CPU
		{93DB935E-3897-449F-C8C1-757E4A424166}.Release|Any CPU.ActiveCfg = Release|Any CPU
		{93DB935E-3897-449F-C8C1-757E4A424166}.Release|Any CPU.Build.0 = Release|Any CPU
		{C7726173-8545-1C64-1822-266C330D960B}.Debug|Any CPU.ActiveCfg = Debug|Any CPU
		{C7726173-8545-1C64-1822-266C330D960B}.Debug|Any CPU.Build.0 = Debug|Any CPU
		{C7726173-8545-1C64-1822-266C330D960B}.Release|Any CPU.ActiveCfg = Release|Any CPU
		{C7726173-8545-1C64-1822-266C330D960B}.Release|Any CPU.Build.0 = Release|Any CPU
		{7A6AD214-6929-3FCA-F081-F729B4815452}.Debug|Any CPU.ActiveCfg = Debug|Any CPU
		{7A6AD214-6929-3FCA-F081-F729B4815452}.Debug|Any CPU.Build.0 = Debug|Any CPU
		{7A6AD214-6929-3FCA-F081-F729B4815452}.Release|Any CPU.ActiveCfg = Release|Any CPU
		{7A6AD214-6929-3FCA-F081-F729B4815452}.Release|Any CPU.Build.0 = Release|Any CPU
		{E6BDFCB9-E4E3-9D60-189D-E1365F344C34}.Debug|Any CPU.ActiveCfg = Debug|Any CPU
		{E6BDFCB9-E4E3-9D60-189D-E1365F344C34}.Debug|Any CPU.Build.0 = Debug|Any CPU
		{E6BDFCB9-E4E3-9D60-189D-E1365F344C34}.Release|Any CPU.ActiveCfg = Release|Any CPU
		{E6BDFCB9-E4E3-9D60-189D-E1365F344C34}.Release|Any CPU.Build.0 = Release|Any CPU
		{5CBD6A25-D143-07B0-59D1-696710822349}.Debug|Any CPU.ActiveCfg = Debug|Any CPU
		{5CBD6A25-D143-07B0-59D1-696710822349}.Debug|Any CPU.Build.0 = Debug|Any CPU
		{5CBD6A25-D143-07B0-59D1-696710822349}.Release|Any CPU.ActiveCfg = Release|Any CPU
		{5CBD6A25-D143-07B0-59D1-696710822349}.Release|Any CPU.Build.0 = Release|Any CPU
		{EB7DBC79-F11E-A7BA-4FFD-FCC8A2E57862}.Debug|Any CPU.ActiveCfg = Debug|Any CPU
		{EB7DBC79-F11E-A7BA-4FFD-FCC8A2E57862}.Debug|Any CPU.Build.0 = Debug|Any CPU
		{EB7DBC79-F11E-A7BA-4FFD-FCC8A2E57862}.Release|Any CPU.ActiveCfg = Release|Any CPU
		{EB7DBC79-F11E-A7BA-4FFD-FCC8A2E57862}.Release|Any CPU.Build.0 = Release|Any CPU
		{16733203-B3BB-DC0D-BC0F-7527A7C424D6}.Debug|Any CPU.ActiveCfg = Debug|Any CPU
		{16733203-B3BB-DC0D-BC0F-7527A7C424D6}.Debug|Any CPU.Build.0 = Debug|Any CPU
		{16733203-B3BB-DC0D-BC0F-7527A7C424D6}.Release|Any CPU.ActiveCfg = Release|Any CPU
		{16733203-B3BB-DC0D-BC0F-7527A7C424D6}.Release|Any CPU.Build.0 = Release|Any CPU
		{8359DA23-3B92-86AD-9C47-E2BDA6647539}.Debug|Any CPU.ActiveCfg = Debug|Any CPU
		{8359DA23-3B92-86AD-9C47-E2BDA6647539}.Debug|Any CPU.Build.0 = Debug|Any CPU
		{8359DA23-3B92-86AD-9C47-E2BDA6647539}.Release|Any CPU.ActiveCfg = Release|Any CPU
		{8359DA23-3B92-86AD-9C47-E2BDA6647539}.Release|Any CPU.Build.0 = Release|Any CPU
		{9012A488-F2EE-DC7A-2445-331503F77367}.Debug|Any CPU.ActiveCfg = Debug|Any CPU
		{9012A488-F2EE-DC7A-2445-331503F77367}.Debug|Any CPU.Build.0 = Debug|Any CPU
		{9012A488-F2EE-DC7A-2445-331503F77367}.Release|Any CPU.ActiveCfg = Release|Any CPU
		{9012A488-F2EE-DC7A-2445-331503F77367}.Release|Any CPU.Build.0 = Release|Any CPU
		{9A71E287-1E0E-3D3C-8D65-EAB262C52480}.Debug|Any CPU.ActiveCfg = Debug|Any CPU
		{9A71E287-1E0E-3D3C-8D65-EAB262C52480}.Debug|Any CPU.Build.0 = Debug|Any CPU
		{9A71E287-1E0E-3D3C-8D65-EAB262C52480}.Release|Any CPU.ActiveCfg = Release|Any CPU
		{9A71E287-1E0E-3D3C-8D65-EAB262C52480}.Release|Any CPU.Build.0 = Release|Any CPU
		{55B4F9D4-D531-825F-24BB-8AAB3D70CEAE}.Debug|Any CPU.ActiveCfg = Debug|Any CPU
		{55B4F9D4-D531-825F-24BB-8AAB3D70CEAE}.Debug|Any CPU.Build.0 = Debug|Any CPU
		{55B4F9D4-D531-825F-24BB-8AAB3D70CEAE}.Release|Any CPU.ActiveCfg = Release|Any CPU
		{55B4F9D4-D531-825F-24BB-8AAB3D70CEAE}.Release|Any CPU.Build.0 = Release|Any CPU
		{D7FBA040-6726-0806-C56F-93E8DFB2BFDE}.Debug|Any CPU.ActiveCfg = Debug|Any CPU
		{D7FBA040-6726-0806-C56F-93E8DFB2BFDE}.Debug|Any CPU.Build.0 = Debug|Any CPU
		{D7FBA040-6726-0806-C56F-93E8DFB2BFDE}.Release|Any CPU.ActiveCfg = Release|Any CPU
		{D7FBA040-6726-0806-C56F-93E8DFB2BFDE}.Release|Any CPU.Build.0 = Release|Any CPU
		{FD1DF7E4-999F-468C-460D-6E7B76C71F3C}.Debug|Any CPU.ActiveCfg = Debug|Any CPU
		{FD1DF7E4-999F-468C-460D-6E7B76C71F3C}.Debug|Any CPU.Build.0 = Debug|Any CPU
		{FD1DF7E4-999F-468C-460D-6E7B76C71F3C}.Release|Any CPU.ActiveCfg = Release|Any CPU
		{FD1DF7E4-999F-468C-460D-6E7B76C71F3C}.Release|Any CPU.Build.0 = Release|Any CPU
		{141135A6-8657-D4D8-EDBC-3CCA21992DC7}.Debug|Any CPU.ActiveCfg = Debug|Any CPU
		{141135A6-8657-D4D8-EDBC-3CCA21992DC7}.Debug|Any CPU.Build.0 = Debug|Any CPU
		{141135A6-8657-D4D8-EDBC-3CCA21992DC7}.Release|Any CPU.ActiveCfg = Release|Any CPU
		{141135A6-8657-D4D8-EDBC-3CCA21992DC7}.Release|Any CPU.Build.0 = Release|Any CPU
		{316B0EC5-C336-3770-84BC-63009CA55E15}.Debug|Any CPU.ActiveCfg = Debug|Any CPU
		{316B0EC5-C336-3770-84BC-63009CA55E15}.Debug|Any CPU.Build.0 = Debug|Any CPU
		{316B0EC5-C336-3770-84BC-63009CA55E15}.Release|Any CPU.ActiveCfg = Release|Any CPU
		{316B0EC5-C336-3770-84BC-63009CA55E15}.Release|Any CPU.Build.0 = Release|Any CPU
		{FF6E35E5-F69C-45EA-6ED4-B74DBC8EFFD8}.Debug|Any CPU.ActiveCfg = Debug|Any CPU
		{FF6E35E5-F69C-45EA-6ED4-B74DBC8EFFD8}.Debug|Any CPU.Build.0 = Debug|Any CPU
		{FF6E35E5-F69C-45EA-6ED4-B74DBC8EFFD8}.Release|Any CPU.ActiveCfg = Release|Any CPU
		{FF6E35E5-F69C-45EA-6ED4-B74DBC8EFFD8}.Release|Any CPU.Build.0 = Release|Any CPU
		{AD35C493-D8D1-5DBB-BC50-56C2803A33AF}.Debug|Any CPU.ActiveCfg = Debug|Any CPU
		{AD35C493-D8D1-5DBB-BC50-56C2803A33AF}.Debug|Any CPU.Build.0 = Debug|Any CPU
		{AD35C493-D8D1-5DBB-BC50-56C2803A33AF}.Release|Any CPU.ActiveCfg = Release|Any CPU
		{AD35C493-D8D1-5DBB-BC50-56C2803A33AF}.Release|Any CPU.Build.0 = Release|Any CPU
		{103715D0-8E5D-4F28-A360-722A3DDCA695}.Debug|Any CPU.ActiveCfg = Debug|Any CPU
		{103715D0-8E5D-4F28-A360-722A3DDCA695}.Debug|Any CPU.Build.0 = Debug|Any CPU
		{103715D0-8E5D-4F28-A360-722A3DDCA695}.Release|Any CPU.ActiveCfg = Release|Any CPU
		{103715D0-8E5D-4F28-A360-722A3DDCA695}.Release|Any CPU.Build.0 = Release|Any CPU
		{E36FB469-3F3E-5642-4C43-C746B9100BC3}.Debug|Any CPU.ActiveCfg = Debug|Any CPU
		{E36FB469-3F3E-5642-4C43-C746B9100BC3}.Debug|Any CPU.Build.0 = Debug|Any CPU
		{E36FB469-3F3E-5642-4C43-C746B9100BC3}.Release|Any CPU.ActiveCfg = Release|Any CPU
		{E36FB469-3F3E-5642-4C43-C746B9100BC3}.Release|Any CPU.Build.0 = Release|Any CPU
		{427E4213-67D3-3AE7-3720-B1D2A6639218}.Debug|Any CPU.ActiveCfg = Debug|Any CPU
		{427E4213-67D3-3AE7-3720-B1D2A6639218}.Debug|Any CPU.Build.0 = Debug|Any CPU
		{427E4213-67D3-3AE7-3720-B1D2A6639218}.Release|Any CPU.ActiveCfg = Release|Any CPU
		{427E4213-67D3-3AE7-3720-B1D2A6639218}.Release|Any CPU.Build.0 = Release|Any CPU
		{C7F5CFC9-46D7-3B63-1F7D-F64B69E38308}.Debug|Any CPU.ActiveCfg = Debug|Any CPU
		{C7F5CFC9-46D7-3B63-1F7D-F64B69E38308}.Debug|Any CPU.Build.0 = Debug|Any CPU
		{C7F5CFC9-46D7-3B63-1F7D-F64B69E38308}.Release|Any CPU.ActiveCfg = Release|Any CPU
		{C7F5CFC9-46D7-3B63-1F7D-F64B69E38308}.Release|Any CPU.Build.0 = Release|Any CPU
		{FC880AE1-AE9B-EA92-48F4-7901293870AE}.Debug|Any CPU.ActiveCfg = Debug|Any CPU
		{FC880AE1-AE9B-EA92-48F4-7901293870AE}.Debug|Any CPU.Build.0 = Debug|Any CPU
		{FC880AE1-AE9B-EA92-48F4-7901293870AE}.Release|Any CPU.ActiveCfg = Release|Any CPU
		{FC880AE1-AE9B-EA92-48F4-7901293870AE}.Release|Any CPU.Build.0 = Release|Any CPU
		{29B337C7-5127-5BCE-1408-8E14E23FCFCD}.Debug|Any CPU.ActiveCfg = Debug|Any CPU
		{29B337C7-5127-5BCE-1408-8E14E23FCFCD}.Debug|Any CPU.Build.0 = Debug|Any CPU
		{29B337C7-5127-5BCE-1408-8E14E23FCFCD}.Release|Any CPU.ActiveCfg = Release|Any CPU
		{29B337C7-5127-5BCE-1408-8E14E23FCFCD}.Release|Any CPU.Build.0 = Release|Any CPU
		{3766AA96-B059-6C1F-861C-B6A37E6E5E5B}.Debug|Any CPU.ActiveCfg = Debug|Any CPU
		{3766AA96-B059-6C1F-861C-B6A37E6E5E5B}.Debug|Any CPU.Build.0 = Debug|Any CPU
		{3766AA96-B059-6C1F-861C-B6A37E6E5E5B}.Release|Any CPU.ActiveCfg = Release|Any CPU
		{3766AA96-B059-6C1F-861C-B6A37E6E5E5B}.Release|Any CPU.Build.0 = Release|Any CPU
		{385FB678-DF6F-0DDF-A020-DC15C0275F33}.Debug|Any CPU.ActiveCfg = Debug|Any CPU
		{385FB678-DF6F-0DDF-A020-DC15C0275F33}.Debug|Any CPU.Build.0 = Debug|Any CPU
		{385FB678-DF6F-0DDF-A020-DC15C0275F33}.Release|Any CPU.ActiveCfg = Release|Any CPU
		{385FB678-DF6F-0DDF-A020-DC15C0275F33}.Release|Any CPU.Build.0 = Release|Any CPU
		{37C92795-49EE-5019-9A95-3E5F519B5E6F}.Debug|Any CPU.ActiveCfg = Debug|Any CPU
		{37C92795-49EE-5019-9A95-3E5F519B5E6F}.Debug|Any CPU.Build.0 = Debug|Any CPU
		{37C92795-49EE-5019-9A95-3E5F519B5E6F}.Release|Any CPU.ActiveCfg = Release|Any CPU
		{37C92795-49EE-5019-9A95-3E5F519B5E6F}.Release|Any CPU.Build.0 = Release|Any CPU
		{388719DC-91DA-21AB-9F01-517ACD3877DE}.Debug|Any CPU.ActiveCfg = Debug|Any CPU
		{388719DC-91DA-21AB-9F01-517ACD3877DE}.Debug|Any CPU.Build.0 = Debug|Any CPU
		{388719DC-91DA-21AB-9F01-517ACD3877DE}.Release|Any CPU.ActiveCfg = Release|Any CPU
		{388719DC-91DA-21AB-9F01-517ACD3877DE}.Release|Any CPU.Build.0 = Release|Any CPU
		{D74221CD-34FD-A2BE-9EC2-D8443762AE6E}.Debug|Any CPU.ActiveCfg = Debug|Any CPU
		{D74221CD-34FD-A2BE-9EC2-D8443762AE6E}.Debug|Any CPU.Build.0 = Debug|Any CPU
		{D74221CD-34FD-A2BE-9EC2-D8443762AE6E}.Release|Any CPU.ActiveCfg = Release|Any CPU
		{D74221CD-34FD-A2BE-9EC2-D8443762AE6E}.Release|Any CPU.Build.0 = Release|Any CPU
		{96B0AC90-63BB-167F-5248-4E212E557F02}.Debug|Any CPU.ActiveCfg = Debug|Any CPU
		{96B0AC90-63BB-167F-5248-4E212E557F02}.Debug|Any CPU.Build.0 = Debug|Any CPU
		{96B0AC90-63BB-167F-5248-4E212E557F02}.Release|Any CPU.ActiveCfg = Release|Any CPU
		{96B0AC90-63BB-167F-5248-4E212E557F02}.Release|Any CPU.Build.0 = Release|Any CPU
		{44C26D93-E80F-5981-6F2D-2C2808444110}.Debug|Any CPU.ActiveCfg = Debug|Any CPU
		{44C26D93-E80F-5981-6F2D-2C2808444110}.Debug|Any CPU.Build.0 = Debug|Any CPU
		{44C26D93-E80F-5981-6F2D-2C2808444110}.Release|Any CPU.ActiveCfg = Release|Any CPU
		{44C26D93-E80F-5981-6F2D-2C2808444110}.Release|Any CPU.Build.0 = Release|Any CPU
		{5E1D70CD-BE2C-48B2-2F58-98BD3B3BF4AD}.Debug|Any CPU.ActiveCfg = Debug|Any CPU
		{5E1D70CD-BE2C-48B2-2F58-98BD3B3BF4AD}.Debug|Any CPU.Build.0 = Debug|Any CPU
		{5E1D70CD-BE2C-48B2-2F58-98BD3B3BF4AD}.Release|Any CPU.ActiveCfg = Release|Any CPU
		{5E1D70CD-BE2C-48B2-2F58-98BD3B3BF4AD}.Release|Any CPU.Build.0 = Release|Any CPU
		{0668618E-61D5-860C-89C3-50C0B41E510C}.Debug|Any CPU.ActiveCfg = Debug|Any CPU
		{0668618E-61D5-860C-89C3-50C0B41E510C}.Debug|Any CPU.Build.0 = Debug|Any CPU
		{0668618E-61D5-860C-89C3-50C0B41E510C}.Release|Any CPU.ActiveCfg = Release|Any CPU
		{0668618E-61D5-860C-89C3-50C0B41E510C}.Release|Any CPU.Build.0 = Release|Any CPU
		{5B3CC39D-4C13-C90D-2542-D006F08835FD}.Debug|Any CPU.ActiveCfg = Debug|Any CPU
		{5B3CC39D-4C13-C90D-2542-D006F08835FD}.Debug|Any CPU.Build.0 = Debug|Any CPU
		{5B3CC39D-4C13-C90D-2542-D006F08835FD}.Release|Any CPU.ActiveCfg = Release|Any CPU
		{5B3CC39D-4C13-C90D-2542-D006F08835FD}.Release|Any CPU.Build.0 = Release|Any CPU
		{8909EA9A-0E37-3EAA-9027-62DABCB39BB7}.Debug|Any CPU.ActiveCfg = Debug|Any CPU
		{8909EA9A-0E37-3EAA-9027-62DABCB39BB7}.Debug|Any CPU.Build.0 = Debug|Any CPU
		{8909EA9A-0E37-3EAA-9027-62DABCB39BB7}.Release|Any CPU.ActiveCfg = Release|Any CPU
		{8909EA9A-0E37-3EAA-9027-62DABCB39BB7}.Release|Any CPU.Build.0 = Release|Any CPU
		{8FA0EE25-39C4-C6B8-99B3-1C83348E8E1E}.Debug|Any CPU.ActiveCfg = Debug|Any CPU
		{8FA0EE25-39C4-C6B8-99B3-1C83348E8E1E}.Debug|Any CPU.Build.0 = Debug|Any CPU
		{8FA0EE25-39C4-C6B8-99B3-1C83348E8E1E}.Release|Any CPU.ActiveCfg = Release|Any CPU
		{8FA0EE25-39C4-C6B8-99B3-1C83348E8E1E}.Release|Any CPU.Build.0 = Release|Any CPU
		{25B93505-D609-D913-32E3-F3B998D58193}.Debug|Any CPU.ActiveCfg = Debug|Any CPU
		{25B93505-D609-D913-32E3-F3B998D58193}.Debug|Any CPU.Build.0 = Debug|Any CPU
		{25B93505-D609-D913-32E3-F3B998D58193}.Release|Any CPU.ActiveCfg = Release|Any CPU
		{25B93505-D609-D913-32E3-F3B998D58193}.Release|Any CPU.Build.0 = Release|Any CPU
		{480D5DF4-4EC9-6552-1592-3BF241804779}.Debug|Any CPU.ActiveCfg = Debug|Any CPU
		{480D5DF4-4EC9-6552-1592-3BF241804779}.Debug|Any CPU.Build.0 = Debug|Any CPU
		{480D5DF4-4EC9-6552-1592-3BF241804779}.Release|Any CPU.ActiveCfg = Release|Any CPU
		{480D5DF4-4EC9-6552-1592-3BF241804779}.Release|Any CPU.Build.0 = Release|Any CPU
		{5B5A9692-0870-EE64-E9AB-EE80C6A14918}.Debug|Any CPU.ActiveCfg = Debug|Any CPU
		{5B5A9692-0870-EE64-E9AB-EE80C6A14918}.Debug|Any CPU.Build.0 = Debug|Any CPU
		{5B5A9692-0870-EE64-E9AB-EE80C6A14918}.Release|Any CPU.ActiveCfg = Release|Any CPU
		{5B5A9692-0870-EE64-E9AB-EE80C6A14918}.Release|Any CPU.Build.0 = Release|Any CPU
		{3AFBB12F-8B70-924C-8C8B-A9A2729B3342}.Debug|Any CPU.ActiveCfg = Debug|Any CPU
		{3AFBB12F-8B70-924C-8C8B-A9A2729B3342}.Debug|Any CPU.Build.0 = Debug|Any CPU
		{3AFBB12F-8B70-924C-8C8B-A9A2729B3342}.Release|Any CPU.ActiveCfg = Release|Any CPU
		{3AFBB12F-8B70-924C-8C8B-A9A2729B3342}.Release|Any CPU.Build.0 = Release|Any CPU
		{45727BE6-FC70-52F8-BB50-A497A52B30C0}.Debug|Any CPU.ActiveCfg = Debug|Any CPU
		{45727BE6-FC70-52F8-BB50-A497A52B30C0}.Debug|Any CPU.Build.0 = Debug|Any CPU
		{45727BE6-FC70-52F8-BB50-A497A52B30C0}.Release|Any CPU.ActiveCfg = Release|Any CPU
		{45727BE6-FC70-52F8-BB50-A497A52B30C0}.Release|Any CPU.Build.0 = Release|Any CPU
		{D53C9DCB-7CC9-982F-B6EF-354E700E25DA}.Debug|Any CPU.ActiveCfg = Debug|Any CPU
		{D53C9DCB-7CC9-982F-B6EF-354E700E25DA}.Debug|Any CPU.Build.0 = Debug|Any CPU
		{D53C9DCB-7CC9-982F-B6EF-354E700E25DA}.Release|Any CPU.ActiveCfg = Release|Any CPU
		{D53C9DCB-7CC9-982F-B6EF-354E700E25DA}.Release|Any CPU.Build.0 = Release|Any CPU
		{EEF257E5-DFEF-ED25-CEA6-76665163A192}.Debug|Any CPU.ActiveCfg = Debug|Any CPU
		{EEF257E5-DFEF-ED25-CEA6-76665163A192}.Debug|Any CPU.Build.0 = Debug|Any CPU
		{EEF257E5-DFEF-ED25-CEA6-76665163A192}.Release|Any CPU.ActiveCfg = Release|Any CPU
		{EEF257E5-DFEF-ED25-CEA6-76665163A192}.Release|Any CPU.Build.0 = Release|Any CPU
		{2F83C88B-2938-9604-19C3-48F7564206E9}.Debug|Any CPU.ActiveCfg = Debug|Any CPU
		{2F83C88B-2938-9604-19C3-48F7564206E9}.Debug|Any CPU.Build.0 = Debug|Any CPU
		{2F83C88B-2938-9604-19C3-48F7564206E9}.Release|Any CPU.ActiveCfg = Release|Any CPU
		{2F83C88B-2938-9604-19C3-48F7564206E9}.Release|Any CPU.Build.0 = Release|Any CPU
		{5723B960-8DC7-9ABB-DBF7-957C2F268EA1}.Debug|Any CPU.ActiveCfg = Debug|Any CPU
		{5723B960-8DC7-9ABB-DBF7-957C2F268EA1}.Debug|Any CPU.Build.0 = Debug|Any CPU
		{5723B960-8DC7-9ABB-DBF7-957C2F268EA1}.Release|Any CPU.ActiveCfg = Release|Any CPU
		{5723B960-8DC7-9ABB-DBF7-957C2F268EA1}.Release|Any CPU.Build.0 = Release|Any CPU
		{23F1ACE3-1BED-3C10-5372-48BC1E9A1DAE}.Debug|Any CPU.ActiveCfg = Debug|Any CPU
		{23F1ACE3-1BED-3C10-5372-48BC1E9A1DAE}.Debug|Any CPU.Build.0 = Debug|Any CPU
		{23F1ACE3-1BED-3C10-5372-48BC1E9A1DAE}.Release|Any CPU.ActiveCfg = Release|Any CPU
		{23F1ACE3-1BED-3C10-5372-48BC1E9A1DAE}.Release|Any CPU.Build.0 = Release|Any CPU
		{1B665F7D-9E7E-E9AE-AC73-122CA3F7A220}.Debug|Any CPU.ActiveCfg = Debug|Any CPU
		{1B665F7D-9E7E-E9AE-AC73-122CA3F7A220}.Debug|Any CPU.Build.0 = Debug|Any CPU
		{1B665F7D-9E7E-E9AE-AC73-122CA3F7A220}.Release|Any CPU.ActiveCfg = Release|Any CPU
		{1B665F7D-9E7E-E9AE-AC73-122CA3F7A220}.Release|Any CPU.Build.0 = Release|Any CPU
		{23C8C361-1D1D-465C-17D1-36A5B359F707}.Debug|Any CPU.ActiveCfg = Debug|Any CPU
		{23C8C361-1D1D-465C-17D1-36A5B359F707}.Debug|Any CPU.Build.0 = Debug|Any CPU
		{23C8C361-1D1D-465C-17D1-36A5B359F707}.Release|Any CPU.ActiveCfg = Release|Any CPU
		{23C8C361-1D1D-465C-17D1-36A5B359F707}.Release|Any CPU.Build.0 = Release|Any CPU
		{317DFF1C-5400-BD28-9932-4718F9197E2E}.Debug|Any CPU.ActiveCfg = Debug|Any CPU
		{317DFF1C-5400-BD28-9932-4718F9197E2E}.Debug|Any CPU.Build.0 = Debug|Any CPU
		{317DFF1C-5400-BD28-9932-4718F9197E2E}.Release|Any CPU.ActiveCfg = Release|Any CPU
		{317DFF1C-5400-BD28-9932-4718F9197E2E}.Release|Any CPU.Build.0 = Release|Any CPU
		{ACCFD38B-4430-382E-56EF-1E5B2E104A1A}.Debug|Any CPU.ActiveCfg = Debug|Any CPU
		{ACCFD38B-4430-382E-56EF-1E5B2E104A1A}.Debug|Any CPU.Build.0 = Debug|Any CPU
		{ACCFD38B-4430-382E-56EF-1E5B2E104A1A}.Release|Any CPU.ActiveCfg = Release|Any CPU
		{ACCFD38B-4430-382E-56EF-1E5B2E104A1A}.Release|Any CPU.Build.0 = Release|Any CPU
		{6225C19C-ACD6-9CC5-044C-50EB4D1767D9}.Debug|Any CPU.ActiveCfg = Debug|Any CPU
		{6225C19C-ACD6-9CC5-044C-50EB4D1767D9}.Debug|Any CPU.Build.0 = Debug|Any CPU
		{6225C19C-ACD6-9CC5-044C-50EB4D1767D9}.Release|Any CPU.ActiveCfg = Release|Any CPU
		{6225C19C-ACD6-9CC5-044C-50EB4D1767D9}.Release|Any CPU.Build.0 = Release|Any CPU
	EndGlobalSection
	GlobalSection(SolutionProperties) = preSolution
		HideSolutionNode = FALSE
	EndGlobalSection
EndGlobal
